PODS:
  - AFNetworking/NSURLSession (4.0.1):
    - AFNetworking/Reachability
    - AFNetworking/Security
    - AFNetworking/Serialization
  - AFNetworking/Reachability (4.0.1)
  - AFNetworking/Security (4.0.1)
  - AFNetworking/Serialization (4.0.1)
  - Masonry (1.1.0)
  - SDWebImage (5.10.4):
    - SDWebImage/Core (= 5.10.4)
  - SDWebImage/Core (5.10.4)
  - YTKNetwork (3.0.5):
    - AFNetworking/NSURLSession (~> 4.0)
  - YYKit (1.0.9):
    - YYKit/no-arc (= 1.0.9)
  - YYKit/no-arc (1.0.9)

DEPENDENCIES:
  - Masonry
  - SDWebImage
  - YTKNetwork
  - YYKit

SPEC REPOS:
  trunk:
    - AFNetworking
    - Masonry
    - SDWebImage
    - YTKNetwork
    - YYKit

SPEC CHECKSUMS:
  AFNetworking: 7864c38297c79aaca1500c33288e429c3451fdce
  Masonry: 678fab65091a9290e40e2832a55e7ab731aad201
  SDWebImage: c666b97e1fa9c64b4909816a903322018f0a9c84
  YTKNetwork: a2337af4b444b5d0a658122fa3d8a425e2425716
  YYKit: 7cda43304a8dc3696c449041e2cb3107b4e236e7

PODFILE CHECKSUM: 00587848af725781160d94b2a879230643deba7b

COCOAPODS: 1.11.2
